
Microsoft Visual Studio Solution File, Format Version 12.00
# Visual Studio 14
VisualStudioVersion = 14.0.25420.1
MinimumVisualStudioVersion = 10.0.40219.1
Project("{FAE04EC0-301F-11D3-BF4B-00C04F79EFBC}") = "Web", "Web\Web.csproj", "{7A8BC367-8739-4FC3-85A2-603BCDDA8EA3}"
EndProject
Project("{FAE04EC0-301F-11D3-BF4B-00C04F79EFBC}") = "ModelDomain", "ModelDomain\ModelDomain.csproj", "{6A8A6FED-82F1-418F-B7A1-29385AC0F4CF}"
EndProject
Global
	GlobalSection(SolutionConfigurationPlatforms) = preSolution
		Debug|Any CPU = Debug|Any CPU
		Release|Any CPU = Release|Any CPU
	EndGlobalSection
	GlobalSection(ProjectConfigurationPlatforms) = postSolution
		{7A8BC367-8739-4FC3-85A2-603BCDDA8EA3}.Debug|Any CPU.ActiveCfg = Debug|Any CPU
		{7A8BC367-8739-4FC3-85A2-603BCDDA8EA3}.Debug|Any CPU.Build.0 = Debug|Any CPU
		{7A8BC367-8739-4FC3-85A2-603BCDDA8EA3}.Release|Any CPU.ActiveCfg = Release|Any CPU
		{7A8BC367-8739-4FC3-85A2-603BCDDA8EA3}.Release|Any CPU.Build.0 = Release|Any CPU
		{6A8A6FED-82F1-418F-B7A1-29385AC0F4CF}.Debug|Any CPU.ActiveCfg = Debug|Any CPU
		{6A8A6FED-82F1-418F-B7A1-29385AC0F4CF}.Debug|Any CPU.Build.0 = Debug|Any CPU
		{6A8A6FED-82F1-418F-B7A1-29385AC0F4CF}.Release|Any CPU.ActiveCfg = Release|Any CPU
		{6A8A6FED-82F1-418F-B7A1-29385AC0F4CF}.Release|Any CPU.Build.0 = Release|Any CPU
	EndGlobalSection
	GlobalSection(SolutionProperties) = preSolution
		HideSolutionNode = FALSE
	EndGlobalSection
EndGlobal
